{
  "pins" : [
    {
      "identity" : "compound-design-tokens",
      "kind" : "remoteSourceControl",
      "location" : "https://github.com/vector-im/compound-design-tokens.git",
      "state" : {
        "revision" : "cc950d575f8536ff5bebbd02e28c0b8ab541aa29"
      }
    },
    {
      "identity" : "swiftui-introspect",
      "kind" : "remoteSourceControl",
      "location" : "https://github.com/siteline/SwiftUI-Introspect.git",
      "state" : {
        "revision" : "730ab9e6cdbb3122ad88277b295c4cecd284a311",
        "version" : "0.9.1"
      }
    }
  ],
  "version" : 2
}
