PODS:
  - HyperioniOS (1.2.0):
    - HyperioniOS/AttributesInspector (= 1.2.0)
    - HyperioniOS/Core (= 1.2.0)
    - HyperioniOS/Measurements (= 1.2.0)
    - HyperioniOS/SlowAnimations (= 1.2.0)
  - HyperioniOS/AttributesInspector (1.2.0):
    - HyperioniOS/Core
  - HyperioniOS/Core (1.2.0)
  - HyperioniOS/Measurements (1.2.0):
    - HyperioniOS/Core
  - HyperioniOS/SlowAnimations (1.2.0):
    - HyperioniOS/Core

DEPENDENCIES:
  - HyperioniOS

SPEC REPOS:
  trunk:
    - HyperioniOS

SPEC CHECKSUMS:
  HyperioniOS: 4412ec61a390caadffcaaf3364733b06e103cf63

PODFILE CHECKSUM: cdc3ea5d438863bd13b397f381780eb2a46ac1a4

COCOAPODS: 1.12.1
